
Microsoft Visual Studio Solution File, Format Version 12.00
# Visual Studio Version 17
VisualStudioVersion = 17.5.33424.131
MinimumVisualStudioVersion = 10.0.40219.1
Project("{8BC9CEB8-8B4A-11D0-8D11-00A0C91BC942}") = "ITSA10", "ITSA10\ITSA10.vcxproj", "{69092999-4AB4-4542-87B5-7C33570A5586}"
EndProject
Global
	GlobalSection(SolutionConfigurationPlatforms) = preSolution
		Debug|x64 = Debug|x64
		Debug|x86 = Debug|x86
		Release|x64 = Release|x64
		Release|x86 = Release|x86
	EndGlobalSection
	GlobalSection(ProjectConfigurationPlatforms) = postSolution
		{69092999-4AB4-4542-87B5-7C33570A5586}.Debug|x64.ActiveCfg = Debug|x64
		{69092999-4AB4-4542-87B5-7C33570A5586}.Debug|x64.Build.0 = Debug|x64
		{69092999-4AB4-4542-87B5-7C33570A5586}.Debug|x86.ActiveCfg = Debug|Win32
		{69092999-4AB4-4542-87B5-7C33570A5586}.Debug|x86.Build.0 = Debug|Win32
		{69092999-4AB4-4542-87B5-7C33570A5586}.Release|x64.ActiveCfg = Release|x64
		{69092999-4AB4-4542-87B5-7C33570A5586}.Release|x64.Build.0 = Release|x64
		{69092999-4AB4-4542-87B5-7C33570A5586}.Release|x86.ActiveCfg = Release|Win32
		{69092999-4AB4-4542-87B5-7C33570A5586}.Release|x86.Build.0 = Release|Win32
	EndGlobalSection
	GlobalSection(SolutionProperties) = preSolution
		HideSolutionNode = FALSE
	EndGlobalSection
	GlobalSection(ExtensibilityGlobals) = postSolution
		SolutionGuid = {95CB5D38-B13E-4B6E-AFA7-4AE861A7D21C}
	EndGlobalSection
EndGlobal
